
Microsoft Visual Studio Solution File, Format Version 12.00
# Visual Studio Version 16
VisualStudioVersion = 16.0.28803.156
MinimumVisualStudioVersion = 10.0.40219.1
Project("{FAE04EC0-301F-11D3-BF4B-00C04F79EFBC}") = "R_Proj", "R_Proj\R_Proj.csproj", "{E5949A18-77A0-4D0E-82E4-F41E4560DD2D}"
EndProject
Global
	GlobalSection(SolutionConfigurationPlatforms) = preSolution
		Debug|Any CPU = Debug|Any CPU
		Release|Any CPU = Release|Any CPU
	EndGlobalSection
	GlobalSection(ProjectConfigurationPlatforms) = postSolution
		{E5949A18-77A0-4D0E-82E4-F41E4560DD2D}.Debug|Any CPU.ActiveCfg = Debug|Any CPU
		{E5949A18-77A0-4D0E-82E4-F41E4560DD2D}.Debug|Any CPU.Build.0 = Debug|Any CPU
		{E5949A18-77A0-4D0E-82E4-F41E4560DD2D}.Release|Any CPU.ActiveCfg = Release|Any CPU
		{E5949A18-77A0-4D0E-82E4-F41E4560DD2D}.Release|Any CPU.Build.0 = Release|Any CPU
	EndGlobalSection
	GlobalSection(SolutionProperties) = preSolution
		HideSolutionNode = FALSE
	EndGlobalSection
	GlobalSection(ExtensibilityGlobals) = postSolution
		SolutionGuid = {8F045D83-5F0C-4B06-9D8C-F6FDE542D5C3}
	EndGlobalSection
EndGlobal
